<?xml version="1.0" encoding="utf-8"?>
<Project ToolsVersion="4.0" xmlns="http://schemas.microsoft.com/developer/msbuild/2003">
  <ItemGroup>
    <Filter Include="Source Files">
      <UniqueIdentifier>{4FC737F1-C7A5-4376-A066-2A32D752A2FF}</UniqueIdentifier>
      <Extensions>cpp;c;cc;cxx;def;odl;idl;hpj;bat;asm;asmx</Extensions>
    </Filter>
    <Filter Include="Header Files">
      <UniqueIdentifier>{93995380-89BD-4b04-88EB-625FBE52EBFB}</UniqueIdentifier>
      <Extensions>h;hh;hpp;hxx;hm;inl;inc;xsd</Extensions>
    </Filter>
    <Filter Include="Resource Files">
      <UniqueIdentifier>{67DA6AB6-F800-4c08-8B7A-83BB121AAD01}</UniqueIdentifier>
      <Extensions>rc;ico;cur;bmp;dlg;rc2;rct;bin;rgs;gif;jpg;jpeg;jpe;resx;tiff;tif;png;wav;mfcribbon-ms</Extensions>
    </Filter>
  </ItemGroup>
  <ItemGroup>
    <ClInclude Include="Entities\AnchorNode.h">
      <Filter>Header Files</Filter>
    </ClInclude>
    <ClInclude Include="Entities\AudioNode.h">
      <Filter>Header Files</Filter>
    </ClInclude>
    <ClInclude Include="Entities\BreakNode.h">
      <Filter>Header Files</Filter>
    </ClInclude>
    <ClInclude Include="Entities\DivisionNode.h">
      <Filter>Header Files</Filter>
    </ClInclude>
    <ClInclude Include="Entities\GenericNode.h">
      <Filter>Header Files</Filter>
    </ClInclude>
    <ClInclude Include="Entities\Image360Node.h">
      <Filter>Header Files</Filter>
    </ClInclude>
    <ClInclude Include="Entities\ImageNode.h">
      <Filter>Header Files</Filter>
    </ClInclude>
    <ClInclude Include="Entities\InputNode.h">
      <Filter>Header Files</Filter>
    </ClInclude>
    <ClInclude Include="Entities\ObjectNode.h">
      <Filter>Header Files</Filter>
    </ClInclude>
    <ClInclude Include="Entities\OssNode.h">
      <Filter>Header Files</Filter>
    </ClInclude>
    <ClInclude Include="Entities\TextNode.h">
      <Filter>Header Files</Filter>
    </ClInclude>
    <ClInclude Include="Entities\Video360Node.h">
      <Filter>Header Files</Filter>
    </ClInclude>
    <ClInclude Include="Entities\VideoNode.h">
      <Filter>Header Files</Filter>
    </ClInclude>
    <ClInclude Include="Libraries\rapidxml.hpp">
      <Filter>Header Files</Filter>
    </ClInclude>
    <ClInclude Include="Libraries\rapidxml_iterators.hpp">
      <Filter>Header Files</Filter>
    </ClInclude>
    <ClInclude Include="Libraries\rapidxml_print.hpp">
      <Filter>Header Files</Filter>
    </ClInclude>
    <ClInclude Include="Libraries\rapidxml_utils.hpp">
      <Filter>Header Files</Filter>
    </ClInclude>
    <ClInclude Include="Logic\OssParser.h">
      <Filter>Header Files</Filter>
    </ClInclude>
    <ClInclude Include="Logic\XMLParser.h">
      <Filter>Header Files</Filter>
    </ClInclude>
  </ItemGroup>
</Project>